{
  "version": 4,
  "terraform_version": "1.3.9",
  "serial": 40,
  "lineage": "55ce41d9-ec8e-1688-211a-9e7ddcc4c964",
  "outputs": {
    "mig_instance_group": {
      "value": "https://www.googleapis.com/compute/v1/projects/hq-madi-dev-4ebd7d92/regions/us-east4/instanceGroups/gh-runner-6ca74295-mig",
      "type": "string"
    },
    "mig_name": {
      "value": "gh-runner-6ca74295",
      "type": "string"
    }
  },
  "resources": [
    {
      "module": "module.runner-mig-dind",
      "mode": "managed",
      "type": "google_compute_network",
      "name": "gh-network",
      "provider": "provider[\"registry.terraform.io/hashicorp/google\"]",
      "instances": [
        {
          "index_key": 0,
          "schema_version": 0,
          "attributes": {
            "auto_create_subnetworks": false,
            "delete_default_routes_on_create": false,
            "description": "",
            "enable_ula_internal_ipv6": false,
            "gateway_ipv4": "",
            "id": "projects/hq-madi-dev-4ebd7d92/global/networks/gh-runner-network",
            "internal_ipv6_range": "",
            "mtu": 0,
            "name": "gh-runner-network",
            "network_firewall_policy_enforcement_order": "AFTER_CLASSIC_FIREWALL",
            "project": "hq-madi-dev-4ebd7d92",
            "routing_mode": "REGIONAL",
            "self_link": "https://www.googleapis.com/compute/v1/projects/hq-madi-dev-4ebd7d92/global/networks/gh-runner-network",
            "timeouts": null
          },
          "sensitive_attributes": [],
          "private": "eyJlMmJmYjczMC1lY2FhLTExZTYtOGY4OC0zNDM2M2JjN2M0YzAiOnsiY3JlYXRlIjoxMjAwMDAwMDAwMDAwLCJkZWxldGUiOjEyMDAwMDAwMDAwMDAsInVwZGF0ZSI6MTIwMDAwMDAwMDAwMH19",
          "create_before_destroy": true
        }
      ]
    },
    {
      "module": "module.runner-mig-dind",
      "mode": "managed",
      "type": "google_compute_router",
      "name": "default",
      "provider": "provider[\"registry.terraform.io/hashicorp/google\"]",
      "instances": [
        {
          "index_key": 0,
          "schema_version": 0,
          "attributes": {
            "bgp": [],
            "creation_timestamp": "2023-12-05T11:53:27.612-08:00",
            "description": "",
            "encrypted_interconnect_router": false,
            "id": "projects/hq-madi-dev-4ebd7d92/regions/us-east4/routers/gh-runner-network-router",
            "name": "gh-runner-network-router",
            "network": "https://www.googleapis.com/compute/v1/projects/hq-madi-dev-4ebd7d92/global/networks/gh-runner-network",
            "project": "hq-madi-dev-4ebd7d92",
            "region": "us-east4",
            "self_link": "https://www.googleapis.com/compute/v1/projects/hq-madi-dev-4ebd7d92/regions/us-east4/routers/gh-runner-network-router",
            "timeouts": null
          },
          "sensitive_attributes": [],
          "private": "eyJlMmJmYjczMC1lY2FhLTExZTYtOGY4OC0zNDM2M2JjN2M0YzAiOnsiY3JlYXRlIjoxMjAwMDAwMDAwMDAwLCJkZWxldGUiOjEyMDAwMDAwMDAwMDAsInVwZGF0ZSI6MTIwMDAwMDAwMDAwMH19",
          "dependencies": [
            "module.runner-mig-dind.google_compute_network.gh-network"
          ]
        }
      ]
    },
    {
      "module": "module.runner-mig-dind",
      "mode": "managed",
      "type": "google_compute_router_nat",
      "name": "nat",
      "provider": "provider[\"registry.terraform.io/hashicorp/google\"]",
      "instances": [
        {
          "index_key": 0,
          "schema_version": 0,
          "attributes": {
            "drain_nat_ips": null,
            "enable_dynamic_port_allocation": false,
            "enable_endpoint_independent_mapping": true,
            "icmp_idle_timeout_sec": 30,
            "id": "hq-madi-dev-4ebd7d92/us-east4/gh-runner-network-router/gh-runner-network-nat",
            "log_config": [],
            "max_ports_per_vm": 0,
            "min_ports_per_vm": 0,
            "name": "gh-runner-network-nat",
            "nat_ip_allocate_option": "AUTO_ONLY",
            "nat_ips": null,
            "project": "hq-madi-dev-4ebd7d92",
            "region": "us-east4",
            "router": "gh-runner-network-router",
            "rules": [],
            "source_subnetwork_ip_ranges_to_nat": "ALL_SUBNETWORKS_ALL_IP_RANGES",
            "subnetwork": [],
            "tcp_established_idle_timeout_sec": 1200,
            "tcp_time_wait_timeout_sec": 120,
            "tcp_transitory_idle_timeout_sec": 30,
            "timeouts": null,
            "udp_idle_timeout_sec": 30
          },
          "sensitive_attributes": [],
          "private": "eyJlMmJmYjczMC1lY2FhLTExZTYtOGY4OC0zNDM2M2JjN2M0YzAiOnsiY3JlYXRlIjoxMjAwMDAwMDAwMDAwLCJkZWxldGUiOjEyMDAwMDAwMDAwMDAsInVwZGF0ZSI6MTIwMDAwMDAwMDAwMH19",
          "dependencies": [
            "module.runner-mig-dind.google_compute_network.gh-network",
            "module.runner-mig-dind.google_compute_router.default"
          ]
        }
      ]
    },
    {
      "module": "module.runner-mig-dind",
      "mode": "managed",
      "type": "google_compute_subnetwork",
      "name": "gh-subnetwork",
      "provider": "provider[\"registry.terraform.io/hashicorp/google\"]",
      "instances": [
        {
          "index_key": 0,
          "schema_version": 0,
          "attributes": {
            "creation_timestamp": "2023-12-05T11:53:27.938-08:00",
            "description": "",
            "external_ipv6_prefix": "",
            "fingerprint": null,
            "gateway_address": "10.24.80.1",
            "id": "projects/hq-madi-dev-4ebd7d92/regions/us-east4/subnetworks/hq-madi-vpc",
            "internal_ipv6_prefix": "",
            "ip_cidr_range": "10.24.80.0/24",
            "ipv6_access_type": "",
            "ipv6_cidr_range": "",
            "log_config": [],
            "name": "hq-madi-vpc",
            "network": "https://www.googleapis.com/compute/v1/projects/hq-madi-dev-4ebd7d92/global/networks/gh-runner-network",
            "private_ip_google_access": false,
            "private_ipv6_google_access": "DISABLE_GOOGLE_ACCESS",
            "project": "hq-madi-dev-4ebd7d92",
            "purpose": "PRIVATE",
            "region": "us-east4",
            "role": "",
            "secondary_ip_range": [],
            "self_link": "https://www.googleapis.com/compute/v1/projects/hq-madi-dev-4ebd7d92/regions/us-east4/subnetworks/hq-madi-vpc",
            "stack_type": "IPV4_ONLY",
            "timeouts": null
          },
          "sensitive_attributes": [],
          "private": "eyJlMmJmYjczMC1lY2FhLTExZTYtOGY4OC0zNDM2M2JjN2M0YzAiOnsiY3JlYXRlIjoxMjAwMDAwMDAwMDAwLCJkZWxldGUiOjEyMDAwMDAwMDAwMDAsInVwZGF0ZSI6MTIwMDAwMDAwMDAwMH19",
          "dependencies": [
            "module.runner-mig-dind.google_compute_network.gh-network"
          ],
          "create_before_destroy": true
        }
      ]
    },
    {
      "module": "module.runner-mig-dind",
      "mode": "managed",
      "type": "google_project_iam_binding",
      "name": "gce",
      "provider": "provider[\"registry.terraform.io/hashicorp/google\"]",
      "instances": [
        {
          "index_key": 0,
          "schema_version": 0,
          "attributes": {
            "condition": [],
            "etag": "BwYLyJYrU1I=",
            "id": "hq-madi-dev-4ebd7d92/roles/storage.objectViewer",
            "members": [
              "serviceAccount:runner-service-account@hq-madi-dev-4ebd7d92.iam.gserviceaccount.com"
            ],
            "project": "hq-madi-dev-4ebd7d92",
            "role": "roles/storage.objectViewer"
          },
          "sensitive_attributes": [],
          "private": "bnVsbA==",
          "dependencies": [
            "module.runner-mig-dind.google_service_account.runner_service_account"
          ]
        }
      ]
    },
    {
      "module": "module.runner-mig-dind",
      "mode": "managed",
      "type": "google_service_account",
      "name": "runner_service_account",
      "provider": "provider[\"registry.terraform.io/hashicorp/google\"]",
      "instances": [
        {
          "index_key": 0,
          "schema_version": 0,
          "attributes": {
            "account_id": "runner-service-account",
            "description": "",
            "disabled": false,
            "display_name": "Github Runner GCE Service Account",
            "email": "runner-service-account@hq-madi-dev-4ebd7d92.iam.gserviceaccount.com",
            "id": "projects/hq-madi-dev-4ebd7d92/serviceAccounts/runner-service-account@hq-madi-dev-4ebd7d92.iam.gserviceaccount.com",
            "member": "serviceAccount:runner-service-account@hq-madi-dev-4ebd7d92.iam.gserviceaccount.com",
            "name": "projects/hq-madi-dev-4ebd7d92/serviceAccounts/runner-service-account@hq-madi-dev-4ebd7d92.iam.gserviceaccount.com",
            "project": "hq-madi-dev-4ebd7d92",
            "timeouts": null,
            "unique_id": "101248855582660273885"
          },
          "sensitive_attributes": [],
          "private": "eyJlMmJmYjczMC1lY2FhLTExZTYtOGY4OC0zNDM2M2JjN2M0YzAiOnsiY3JlYXRlIjozMDAwMDAwMDAwMDB9fQ==",
          "create_before_destroy": true
        }
      ]
    },
    {
      "module": "module.runner-mig-dind.module.gce-container",
      "mode": "data",
      "type": "google_compute_image",
      "name": "coreos",
      "provider": "provider[\"registry.terraform.io/hashicorp/google\"]",
      "instances": [
        {
          "schema_version": 0,
          "attributes": {
            "archive_size_bytes": 1778609280,
            "creation_timestamp": "2023-11-29T15:16:50.112-08:00",
            "description": "Google, Container-Optimized OS, 109-17800.66.32 stable, Kernel: COS-6.1.58 Kubernetes: 1.27.3 Docker: 24.0.5 Family: cos-stable",
            "disk_size_gb": 10,
            "family": "cos-stable",
            "filter": null,
            "id": "projects/cos-cloud/global/images/cos-stable-109-17800-66-32",
            "image_encryption_key_sha256": "",
            "image_id": "7415881851447441550",
            "label_fingerprint": "nCHO19AejmQ=",
            "labels": {
              "build_number": "17800-66-32",
              "milestone": "109",
              "public-image": "true"
            },
            "licenses": [
              "https://www.googleapis.com/compute/v1/projects/cos-cloud/global/licenses/cos",
              "https://www.googleapis.com/compute/v1/projects/cos-cloud-shielded/global/licenses/shielded-cos",
              "https://www.googleapis.com/compute/v1/projects/cos-cloud/global/licenses/cos-pcid"
            ],
            "most_recent": false,
            "name": "cos-stable-109-17800-66-32",
            "project": "cos-cloud",
            "self_link": "https://www.googleapis.com/compute/v1/projects/cos-cloud/global/images/cos-stable-109-17800-66-32",
            "source_disk": "",
            "source_disk_encryption_key_sha256": "",
            "source_disk_id": "",
            "source_image_id": "",
            "status": "READY"
          },
          "sensitive_attributes": []
        }
      ]
    },
    {
      "module": "module.runner-mig-dind.module.mig",
      "mode": "data",
      "type": "google_compute_zones",
      "name": "available",
      "provider": "provider[\"registry.terraform.io/hashicorp/google\"]",
      "instances": [
        {
          "schema_version": 0,
          "attributes": {
            "id": "projects/hq-madi-dev-4ebd7d92/regions/us-east4",
            "names": [
              "us-east4-a",
              "us-east4-b",
              "us-east4-c"
            ],
            "project": "hq-madi-dev-4ebd7d92",
            "region": "us-east4",
            "status": null
          },
          "sensitive_attributes": []
        }
      ]
    },
    {
      "module": "module.runner-mig-dind.module.mig",
      "mode": "managed",
      "type": "google_compute_region_autoscaler",
      "name": "autoscaler",
      "provider": "provider[\"registry.terraform.io/hashicorp/google\"]",
      "instances": [
        {
          "index_key": 0,
          "schema_version": 0,
          "attributes": {
            "autoscaling_policy": [
              {
                "cooldown_period": 60,
                "cpu_utilization": [
                  {
                    "predictive_method": "NONE",
                    "target": 0.6
                  }
                ],
                "load_balancing_utilization": [],
                "max_replicas": 10,
                "metric": [],
                "min_replicas": 2,
                "mode": "ON",
                "scale_in_control": [],
                "scaling_schedules": []
              }
            ],
            "creation_timestamp": "2023-12-05T11:54:32.833-08:00",
            "description": "",
            "id": "projects/hq-madi-dev-4ebd7d92/regions/us-east4/autoscalers/gh-runner-6ca74295-autoscaler",
            "name": "gh-runner-6ca74295-autoscaler",
            "project": "hq-madi-dev-4ebd7d92",
            "region": "https://www.googleapis.com/compute/v1/projects/hq-madi-dev-4ebd7d92/regions/us-east4",
            "self_link": "https://www.googleapis.com/compute/v1/projects/hq-madi-dev-4ebd7d92/regions/us-east4/autoscalers/gh-runner-6ca74295-autoscaler",
            "target": "https://www.googleapis.com/compute/v1/projects/hq-madi-dev-4ebd7d92/regions/us-east4/instanceGroupManagers/gh-runner-6ca74295-mig",
            "timeouts": null
          },
          "sensitive_attributes": [],
          "private": "eyJlMmJmYjczMC1lY2FhLTExZTYtOGY4OC0zNDM2M2JjN2M0YzAiOnsiY3JlYXRlIjoxMjAwMDAwMDAwMDAwLCJkZWxldGUiOjEyMDAwMDAwMDAwMDAsInVwZGF0ZSI6MTIwMDAwMDAwMDAwMH19",
          "dependencies": [
            "module.runner-mig-dind.google_compute_network.gh-network",
            "module.runner-mig-dind.google_compute_subnetwork.gh-subnetwork",
            "module.runner-mig-dind.google_service_account.runner_service_account",
            "module.runner-mig-dind.module.gce-container.data.google_compute_image.coreos",
            "module.runner-mig-dind.module.mig.data.google_compute_zones.available",
            "module.runner-mig-dind.module.mig.google_compute_health_check.http",
            "module.runner-mig-dind.module.mig.google_compute_health_check.https",
            "module.runner-mig-dind.module.mig.google_compute_health_check.tcp",
            "module.runner-mig-dind.module.mig.google_compute_region_instance_group_manager.mig",
            "module.runner-mig-dind.module.mig_template.google_compute_instance_template.tpl"
          ]
        }
      ]
    },
    {
      "module": "module.runner-mig-dind.module.mig",
      "mode": "managed",
      "type": "google_compute_region_instance_group_manager",
      "name": "mig",
      "provider": "provider[\"registry.terraform.io/hashicorp/google-beta\"]",
      "instances": [
        {
          "schema_version": 0,
          "attributes": {
            "all_instances_config": [],
            "auto_healing_policies": [],
            "base_instance_name": "gh-runner-6ca74295",
            "description": "",
            "distribution_policy_target_shape": "EVEN",
            "distribution_policy_zones": [
              "us-east4-a",
              "us-east4-b",
              "us-east4-c"
            ],
            "fingerprint": "gso10WBqpO4=",
            "id": "projects/hq-madi-dev-4ebd7d92/regions/us-east4/instanceGroupManagers/gh-runner-6ca74295-mig",
            "instance_group": "https://www.googleapis.com/compute/v1/projects/hq-madi-dev-4ebd7d92/regions/us-east4/instanceGroups/gh-runner-6ca74295-mig",
            "instance_lifecycle_policy": [
              {
                "force_update_on_repair": "NO"
              }
            ],
            "list_managed_instances_results": "PAGELESS",
            "name": "gh-runner-6ca74295-mig",
            "named_port": [],
            "project": "hq-madi-dev-4ebd7d92",
            "region": "us-east4",
            "self_link": "https://www.googleapis.com/compute/v1/projects/hq-madi-dev-4ebd7d92/regions/us-east4/instanceGroupManagers/gh-runner-6ca74295-mig",
            "stateful_disk": [],
            "stateful_external_ip": [],
            "stateful_internal_ip": [],
            "status": [
              {
                "all_instances_config": [
                  {
                    "effective": true
                  }
                ],
                "is_stable": true,
                "stateful": [
                  {
                    "has_stateful_config": false,
                    "per_instance_configs": [
                      {
                        "all_effective": true
                      }
                    ]
                  }
                ],
                "version_target": [
                  {
                    "is_reached": true
                  }
                ]
              }
            ],
            "target_pools": null,
            "target_size": 0,
            "timeouts": {
              "create": "5m",
              "delete": "15m",
              "update": "5m"
            },
            "update_policy": [
              {
                "instance_redistribution_type": "PROACTIVE",
                "max_surge_fixed": 3,
                "max_surge_percent": 0,
                "max_unavailable_fixed": 3,
                "max_unavailable_percent": 0,
                "min_ready_sec": 0,
                "minimal_action": "REPLACE",
                "most_disruptive_allowed_action": "",
                "replacement_method": "SUBSTITUTE",
                "type": "OPPORTUNISTIC"
              }
            ],
            "version": [
              {
                "instance_template": "https://www.googleapis.com/compute/v1/projects/hq-madi-dev-4ebd7d92/global/instanceTemplates/gh-runner-20231205195338627700000001",
                "name": "gh-runner-6ca74295-mig-version-0",
                "target_size": []
              }
            ],
            "wait_for_instances": false,
            "wait_for_instances_status": "STABLE"
          },
          "sensitive_attributes": [],
          "private": "eyJlMmJmYjczMC1lY2FhLTExZTYtOGY4OC0zNDM2M2JjN2M0YzAiOnsiY3JlYXRlIjozMDAwMDAwMDAwMDAsImRlbGV0ZSI6OTAwMDAwMDAwMDAwLCJ1cGRhdGUiOjMwMDAwMDAwMDAwMH19",
          "dependencies": [
            "module.runner-mig-dind.google_compute_network.gh-network",
            "module.runner-mig-dind.google_compute_subnetwork.gh-subnetwork",
            "module.runner-mig-dind.google_service_account.runner_service_account",
            "module.runner-mig-dind.module.gce-container.data.google_compute_image.coreos",
            "module.runner-mig-dind.module.mig.data.google_compute_zones.available",
            "module.runner-mig-dind.module.mig.google_compute_health_check.http",
            "module.runner-mig-dind.module.mig.google_compute_health_check.https",
            "module.runner-mig-dind.module.mig.google_compute_health_check.tcp",
            "module.runner-mig-dind.module.mig_template.google_compute_instance_template.tpl"
          ],
          "create_before_destroy": true
        }
      ]
    },
    {
      "module": "module.runner-mig-dind.module.mig_template",
      "mode": "managed",
      "type": "google_compute_instance_template",
      "name": "tpl",
      "provider": "provider[\"registry.terraform.io/hashicorp/google\"]",
      "instances": [
        {
          "schema_version": 1,
          "attributes": {
            "advanced_machine_features": [
              {
                "enable_nested_virtualization": false,
                "threads_per_core": 0,
                "visible_core_count": 0
              }
            ],
            "can_ip_forward": false,
            "confidential_instance_config": [
              {
                "enable_confidential_compute": false
              }
            ],
            "description": "",
            "disk": [
              {
                "auto_delete": true,
                "boot": true,
                "device_name": "persistent-disk-0",
                "disk_encryption_key": [],
                "disk_name": "",
                "disk_size_gb": 100,
                "disk_type": "pd-ssd",
                "interface": "SCSI",
                "labels": null,
                "mode": "READ_WRITE",
                "provisioned_iops": 0,
                "resource_policies": null,
                "source": "",
                "source_image": "projects/cos-cloud/global/images/cos-stable-109-17800-66-32",
                "source_image_encryption_key": [],
                "source_snapshot": "",
                "source_snapshot_encryption_key": [],
                "type": "PERSISTENT"
              }
            ],
            "guest_accelerator": [],
            "id": "projects/hq-madi-dev-4ebd7d92/global/instanceTemplates/gh-runner-20231205195338627700000001",
            "instance_description": "",
            "labels": {
              "container-vm": "cos-stable-109-17800-66-32"
            },
            "machine_type": "n1-standard-1",
            "metadata": {
              "gce-container-declaration": "\"spec\":\n  \"containers\":\n  - \"env\":\n    - \"name\": \"ACTIONS_RUNNER_INPUT_URL\"\n      \"value\": \"https://developer.nasa.gov/javilla8/madi\"\n    - \"name\": \"GITHUB_TOKEN\"\n      \"value\": \"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\"\n    - \"name\": \"REPO_OWNER\"\n      \"value\": \"javilla8\"\n    - \"name\": \"REPO_NAME\"\n      \"value\": \"madi\"\n    \"image\": \"gcr.io/hq-madi-dev-4ebd7d92/runner:0.1\"\n    \"volumeMounts\":\n    - \"mountPath\": \"/cache\"\n      \"name\": \"tempfs-0\"\n      \"readOnly\": false\n    - \"mountPath\": \"/var/run/docker.sock\"\n      \"name\": \"dockersock\"\n      \"readOnly\": false\n  \"restartPolicy\": \"Always\"\n  \"volumes\":\n  - \"emptyDir\":\n      \"medium\": \"Memory\"\n    \"name\": \"tempfs-0\"\n  - \"hostPath\":\n      \"path\": \"/var/run/docker.sock\"\n    \"name\": \"dockersock\"\n"
            },
            "metadata_fingerprint": "0_HEm600b4c=",
            "metadata_startup_script": "export TEST_ENV='hello'",
            "min_cpu_platform": "",
            "name": "gh-runner-20231205195338627700000001",
            "name_prefix": "gh-runner-",
            "network_interface": [
              {
                "access_config": [],
                "alias_ip_range": [],
                "internal_ipv6_prefix_length": 0,
                "ipv6_access_config": [],
                "ipv6_access_type": "",
                "ipv6_address": "",
                "name": "nic0",
                "network": "https://www.googleapis.com/compute/v1/projects/hq-madi-dev-4ebd7d92/global/networks/gh-runner-network",
                "network_ip": "",
                "nic_type": "",
                "queue_count": 0,
                "stack_type": "",
                "subnetwork": "https://www.googleapis.com/compute/v1/projects/hq-madi-dev-4ebd7d92/regions/us-east4/subnetworks/hq-madi-vpc",
                "subnetwork_project": "hq-madi-dev-4ebd7d92"
              }
            ],
            "network_performance_config": [],
            "project": "hq-madi-dev-4ebd7d92",
            "region": "us-east4",
            "reservation_affinity": [],
            "resource_policies": null,
            "scheduling": [
              {
                "automatic_restart": true,
                "instance_termination_action": "",
                "local_ssd_recovery_timeout": [],
                "min_node_cpus": 0,
                "node_affinities": [],
                "on_host_maintenance": "MIGRATE",
                "preemptible": false,
                "provisioning_model": "STANDARD"
              }
            ],
            "self_link": "https://www.googleapis.com/compute/v1/projects/hq-madi-dev-4ebd7d92/global/instanceTemplates/gh-runner-20231205195338627700000001",
            "self_link_unique": "https://www.googleapis.com/compute/v1/projects/hq-madi-dev-4ebd7d92/global/instanceTemplates/gh-runner-20231205195338627700000001?uniqueId=3460444274385142060",
            "service_account": [
              {
                "email": "runner-service-account@hq-madi-dev-4ebd7d92.iam.gserviceaccount.com",
                "scopes": [
                  "https://www.googleapis.com/auth/cloud-platform"
                ]
              }
            ],
            "shielded_instance_config": [],
            "tags": [
              "gh-runner-vm"
            ],
            "tags_fingerprint": "",
            "timeouts": null
          },
          "sensitive_attributes": [],
          "private": "eyJlMmJmYjczMC1lY2FhLTExZTYtOGY4OC0zNDM2M2JjN2M0YzAiOnsiY3JlYXRlIjoyNDAwMDAwMDAwMDAsImRlbGV0ZSI6MjQwMDAwMDAwMDAwfSwic2NoZW1hX3ZlcnNpb24iOiIxIn0=",
          "dependencies": [
            "module.runner-mig-dind.google_compute_network.gh-network",
            "module.runner-mig-dind.google_compute_subnetwork.gh-subnetwork",
            "module.runner-mig-dind.google_service_account.runner_service_account",
            "module.runner-mig-dind.module.gce-container.data.google_compute_image.coreos"
          ],
          "create_before_destroy": true
        }
      ]
    }
  ],
  "check_results": null
}
